
Microsoft Visual Studio Solution File, Format Version 12.00
# Visual Studio Version 17
VisualStudioVersion = 17.2.32630.192
MinimumVisualStudioVersion = 10.0.40219.1
Project("{FAE04EC0-301F-11D3-BF4B-00C04F79EFBC}") = "webApi", "webApi\webApi.csproj", "{4D4FA52E-8651-4D2C-9189-EA8EF080E10B}"
EndProject
Global
	GlobalSection(SolutionConfigurationPlatforms) = preSolution
		Debug|Any CPU = Debug|Any CPU
		Release|Any CPU = Release|Any CPU
	EndGlobalSection
	GlobalSection(ProjectConfigurationPlatforms) = postSolution
		{4D4FA52E-8651-4D2C-9189-EA8EF080E10B}.Debug|Any CPU.ActiveCfg = Debug|Any CPU
		{4D4FA52E-8651-4D2C-9189-EA8EF080E10B}.Debug|Any CPU.Build.0 = Debug|Any CPU
		{4D4FA52E-8651-4D2C-9189-EA8EF080E10B}.Release|Any CPU.ActiveCfg = Release|Any CPU
		{4D4FA52E-8651-4D2C-9189-EA8EF080E10B}.Release|Any CPU.Build.0 = Release|Any CPU
	EndGlobalSection
	GlobalSection(SolutionProperties) = preSolution
		HideSolutionNode = FALSE
	EndGlobalSection
	GlobalSection(ExtensibilityGlobals) = postSolution
		SolutionGuid = {674D326A-41A1-40CC-BB2B-83C57EE09D67}
	EndGlobalSection
EndGlobal
